
Microsoft Visual Studio Solution File, Format Version 12.00
# Visual Studio Version 17
VisualStudioVersion = 17.1.32228.430
MinimumVisualStudioVersion = 10.0.40219.1
Project("{FAE04EC0-301F-11D3-BF4B-00C04F79EFBC}") = "Lab01-01", "Lab01-01\Lab01-01.csproj", "{8BB06995-E1CC-4BA5-B566-3CAA84E3DD07}"
EndProject
Project("{FAE04EC0-301F-11D3-BF4B-00C04F79EFBC}") = "Lab01-01b", "Lab01-01b\Lab01-01b.csproj", "{F9157943-8B59-4F13-A819-DB65659CF421}"
EndProject
Global
	GlobalSection(SolutionConfigurationPlatforms) = preSolution
		Debug|Any CPU = Debug|Any CPU
		Release|Any CPU = Release|Any CPU
	EndGlobalSection
	GlobalSection(ProjectConfigurationPlatforms) = postSolution
		{8BB06995-E1CC-4BA5-B566-3CAA84E3DD07}.Debug|Any CPU.ActiveCfg = Debug|Any CPU
		{8BB06995-E1CC-4BA5-B566-3CAA84E3DD07}.Debug|Any CPU.Build.0 = Debug|Any CPU
		{8BB06995-E1CC-4BA5-B566-3CAA84E3DD07}.Release|Any CPU.ActiveCfg = Release|Any CPU
		{8BB06995-E1CC-4BA5-B566-3CAA84E3DD07}.Release|Any CPU.Build.0 = Release|Any CPU
		{F9157943-8B59-4F13-A819-DB65659CF421}.Debug|Any CPU.ActiveCfg = Debug|Any CPU
		{F9157943-8B59-4F13-A819-DB65659CF421}.Debug|Any CPU.Build.0 = Debug|Any CPU
		{F9157943-8B59-4F13-A819-DB65659CF421}.Release|Any CPU.ActiveCfg = Release|Any CPU
		{F9157943-8B59-4F13-A819-DB65659CF421}.Release|Any CPU.Build.0 = Release|Any CPU
	EndGlobalSection
	GlobalSection(SolutionProperties) = preSolution
		HideSolutionNode = FALSE
	EndGlobalSection
	GlobalSection(ExtensibilityGlobals) = postSolution
		SolutionGuid = {65FE00A4-CE0E-4D5F-B7FA-3853C4DF7164}
	EndGlobalSection
EndGlobal
